
Microsoft Visual Studio Solution File, Format Version 12.00
# Visual Studio Version 17
VisualStudioVersion = 17.0.32112.339
MinimumVisualStudioVersion = 10.0.40219.1
Project("{FAE04EC0-301F-11D3-BF4B-00C04F79EFBC}") = "ABBYWEB", "ABBYWEB\ABBYWEB.csproj", "{866D606F-5352-4AE6-83A5-23FA31398ADD}"
EndProject
Global
	GlobalSection(SolutionConfigurationPlatforms) = preSolution
		Debug|Any CPU = Debug|Any CPU
		Release|Any CPU = Release|Any CPU
	EndGlobalSection
	GlobalSection(ProjectConfigurationPlatforms) = postSolution
		{866D606F-5352-4AE6-83A5-23FA31398ADD}.Debug|Any CPU.ActiveCfg = Debug|Any CPU
		{866D606F-5352-4AE6-83A5-23FA31398ADD}.Debug|Any CPU.Build.0 = Debug|Any CPU
		{866D606F-5352-4AE6-83A5-23FA31398ADD}.Release|Any CPU.ActiveCfg = Release|Any CPU
		{866D606F-5352-4AE6-83A5-23FA31398ADD}.Release|Any CPU.Build.0 = Release|Any CPU
	EndGlobalSection
	GlobalSection(SolutionProperties) = preSolution
		HideSolutionNode = FALSE
	EndGlobalSection
	GlobalSection(ExtensibilityGlobals) = postSolution
		SolutionGuid = {976A73A0-9F42-4DBC-867D-ADBDA5C9635A}
	EndGlobalSection
EndGlobal
