
Microsoft Visual Studio Solution File, Format Version 12.00
# Visual Studio Version 17
VisualStudioVersion = 17.0.32112.339
MinimumVisualStudioVersion = 10.0.40219.1
Project("{9A19103F-16F7-4668-BE54-9A1E7A4F7556}") = "ABBYWEB", "ABBYWEB\ABBYWEB.csproj", "{866D606F-5352-4AE6-83A5-23FA31398ADD}"
EndProject
Project("{9A19103F-16F7-4668-BE54-9A1E7A4F7556}") = "ABBY.DATAACCESS", "ABBY.DATAACCESS\ABBY.DATAACCESS.csproj", "{F02C6D1D-9A3C-49ED-97A0-409553FEEC1B}"
EndProject
Project("{9A19103F-16F7-4668-BE54-9A1E7A4F7556}") = "ABBY.MODELS", "ABBY.MODELS\ABBY.MODELS.csproj", "{5431083A-695C-42F4-8B6B-66A9CF65FFE4}"
EndProject
Project("{9A19103F-16F7-4668-BE54-9A1E7A4F7556}") = "ABBY.UTILITY", "ABBY.UTILITY\ABBY.UTILITY.csproj", "{A0895290-F025-40F6-9903-18ABA373639E}"
EndProject
Global
	GlobalSection(SolutionConfigurationPlatforms) = preSolution
		Debug|Any CPU = Debug|Any CPU
		Release|Any CPU = Release|Any CPU
	EndGlobalSection
	GlobalSection(ProjectConfigurationPlatforms) = postSolution
		{866D606F-5352-4AE6-83A5-23FA31398ADD}.Debug|Any CPU.ActiveCfg = Debug|Any CPU
		{866D606F-5352-4AE6-83A5-23FA31398ADD}.Debug|Any CPU.Build.0 = Debug|Any CPU
		{866D606F-5352-4AE6-83A5-23FA31398ADD}.Release|Any CPU.ActiveCfg = Release|Any CPU
		{866D606F-5352-4AE6-83A5-23FA31398ADD}.Release|Any CPU.Build.0 = Release|Any CPU
		{F02C6D1D-9A3C-49ED-97A0-409553FEEC1B}.Debug|Any CPU.ActiveCfg = Debug|Any CPU
		{F02C6D1D-9A3C-49ED-97A0-409553FEEC1B}.Debug|Any CPU.Build.0 = Debug|Any CPU
		{F02C6D1D-9A3C-49ED-97A0-409553FEEC1B}.Release|Any CPU.ActiveCfg = Release|Any CPU
		{F02C6D1D-9A3C-49ED-97A0-409553FEEC1B}.Release|Any CPU.Build.0 = Release|Any CPU
		{5431083A-695C-42F4-8B6B-66A9CF65FFE4}.Debug|Any CPU.ActiveCfg = Debug|Any CPU
		{5431083A-695C-42F4-8B6B-66A9CF65FFE4}.Debug|Any CPU.Build.0 = Debug|Any CPU
		{5431083A-695C-42F4-8B6B-66A9CF65FFE4}.Release|Any CPU.ActiveCfg = Release|Any CPU
		{5431083A-695C-42F4-8B6B-66A9CF65FFE4}.Release|Any CPU.Build.0 = Release|Any CPU
		{A0895290-F025-40F6-9903-18ABA373639E}.Debug|Any CPU.ActiveCfg = Debug|Any CPU
		{A0895290-F025-40F6-9903-18ABA373639E}.Debug|Any CPU.Build.0 = Debug|Any CPU
		{A0895290-F025-40F6-9903-18ABA373639E}.Release|Any CPU.ActiveCfg = Release|Any CPU
		{A0895290-F025-40F6-9903-18ABA373639E}.Release|Any CPU.Build.0 = Release|Any CPU
	EndGlobalSection
	GlobalSection(SolutionProperties) = preSolution
		HideSolutionNode = FALSE
	EndGlobalSection
	GlobalSection(ExtensibilityGlobals) = postSolution
		SolutionGuid = {976A73A0-9F42-4DBC-867D-ADBDA5C9635A}
	EndGlobalSection
EndGlobal
